
Microsoft Visual Studio Solution File, Format Version 12.00
# Visual Studio Version 16
VisualStudioVersion = 16.0.29519.181
MinimumVisualStudioVersion = 10.0.40219.1
Project("{FAE04EC0-301F-11D3-BF4B-00C04F79EFBC}") = "TwoSumAlternative", "TwoSumAlternative\TwoSumAlternative.csproj", "{20A7A153-BEC1-41D5-9363-D81DAC4EAC35}"
EndProject
Global
	GlobalSection(SolutionConfigurationPlatforms) = preSolution
		Debug|Any CPU = Debug|Any CPU
		Release|Any CPU = Release|Any CPU
	EndGlobalSection
	GlobalSection(ProjectConfigurationPlatforms) = postSolution
		{20A7A153-BEC1-41D5-9363-D81DAC4EAC35}.Debug|Any CPU.ActiveCfg = Debug|Any CPU
		{20A7A153-BEC1-41D5-9363-D81DAC4EAC35}.Debug|Any CPU.Build.0 = Debug|Any CPU
		{20A7A153-BEC1-41D5-9363-D81DAC4EAC35}.Release|Any CPU.ActiveCfg = Release|Any CPU
		{20A7A153-BEC1-41D5-9363-D81DAC4EAC35}.Release|Any CPU.Build.0 = Release|Any CPU
	EndGlobalSection
	GlobalSection(SolutionProperties) = preSolution
		HideSolutionNode = FALSE
	EndGlobalSection
	GlobalSection(ExtensibilityGlobals) = postSolution
		SolutionGuid = {2BDCB8CA-B081-4880-A405-6399C0E37516}
	EndGlobalSection
EndGlobal
